
Microsoft Visual Studio Solution File, Format Version 12.00
# Visual Studio Version 17
VisualStudioVersion = 17.11.35312.102
MinimumVisualStudioVersion = 10.0.40219.1
Project("{9A19103F-16F7-4668-BE54-9A1E7A4F7556}") = "2.2.1", "2.2.1\2.2.1.csproj", "{8D075206-BFF1-4354-9240-77729AC7BB74}"
EndProject
Project("{FAE04EC0-301F-11D3-BF4B-00C04F79EFBC}") = "MyTime", "MyTime\MyTime.csproj", "{95685C9F-19AE-4B11-9998-E0D65AD5CAE1}"
EndProject
Global
	GlobalSection(SolutionConfigurationPlatforms) = preSolution
		Debug|Any CPU = Debug|Any CPU
		Release|Any CPU = Release|Any CPU
	EndGlobalSection
	GlobalSection(ProjectConfigurationPlatforms) = postSolution
		{8D075206-BFF1-4354-9240-77729AC7BB74}.Debug|Any CPU.ActiveCfg = Debug|Any CPU
		{8D075206-BFF1-4354-9240-77729AC7BB74}.Debug|Any CPU.Build.0 = Debug|Any CPU
		{8D075206-BFF1-4354-9240-77729AC7BB74}.Release|Any CPU.ActiveCfg = Release|Any CPU
		{8D075206-BFF1-4354-9240-77729AC7BB74}.Release|Any CPU.Build.0 = Release|Any CPU
		{95685C9F-19AE-4B11-9998-E0D65AD5CAE1}.Debug|Any CPU.ActiveCfg = Debug|Any CPU
		{95685C9F-19AE-4B11-9998-E0D65AD5CAE1}.Debug|Any CPU.Build.0 = Debug|Any CPU
		{95685C9F-19AE-4B11-9998-E0D65AD5CAE1}.Release|Any CPU.ActiveCfg = Release|Any CPU
		{95685C9F-19AE-4B11-9998-E0D65AD5CAE1}.Release|Any CPU.Build.0 = Release|Any CPU
	EndGlobalSection
	GlobalSection(SolutionProperties) = preSolution
		HideSolutionNode = FALSE
	EndGlobalSection
	GlobalSection(ExtensibilityGlobals) = postSolution
		SolutionGuid = {68ECA79A-0D38-481B-8D04-6F613E19A711}
	EndGlobalSection
EndGlobal
